
Microsoft Visual Studio Solution File, Format Version 12.00
# Visual Studio Version 16
VisualStudioVersion = 16.0.32002.261
MinimumVisualStudioVersion = 10.0.40219.1
Project("{FAE04EC0-301F-11D3-BF4B-00C04F79EFBC}") = "microCalculator", "microCalculator\microCalculator.csproj", "{A57D505A-8158-4982-BD16-6B1D6A3B0D7B}"
EndProject
Global
	GlobalSection(SolutionConfigurationPlatforms) = preSolution
		Debug|Any CPU = Debug|Any CPU
		Release|Any CPU = Release|Any CPU
	EndGlobalSection
	GlobalSection(ProjectConfigurationPlatforms) = postSolution
		{A57D505A-8158-4982-BD16-6B1D6A3B0D7B}.Debug|Any CPU.ActiveCfg = Debug|Any CPU
		{A57D505A-8158-4982-BD16-6B1D6A3B0D7B}.Debug|Any CPU.Build.0 = Debug|Any CPU
		{A57D505A-8158-4982-BD16-6B1D6A3B0D7B}.Release|Any CPU.ActiveCfg = Release|Any CPU
		{A57D505A-8158-4982-BD16-6B1D6A3B0D7B}.Release|Any CPU.Build.0 = Release|Any CPU
	EndGlobalSection
	GlobalSection(SolutionProperties) = preSolution
		HideSolutionNode = FALSE
	EndGlobalSection
	GlobalSection(ExtensibilityGlobals) = postSolution
		SolutionGuid = {5662B481-3CA1-4022-AE50-370F622EDE78}
	EndGlobalSection
EndGlobal
